
Microsoft Visual Studio Solution File, Format Version 12.00
# Visual Studio Version 17
VisualStudioVersion = 17.2.32602.215
MinimumVisualStudioVersion = 10.0.40219.1
Project("{FAE04EC0-301F-11D3-BF4B-00C04F79EFBC}") = "EducationApi", "EducationApi\EducationApi.csproj", "{2F612D23-057D-4300-B4BB-086DBF06ACF0}"
EndProject
Global
	GlobalSection(SolutionConfigurationPlatforms) = preSolution
		Debug|Any CPU = Debug|Any CPU
		Release|Any CPU = Release|Any CPU
	EndGlobalSection
	GlobalSection(ProjectConfigurationPlatforms) = postSolution
		{2F612D23-057D-4300-B4BB-086DBF06ACF0}.Debug|Any CPU.ActiveCfg = Debug|Any CPU
		{2F612D23-057D-4300-B4BB-086DBF06ACF0}.Debug|Any CPU.Build.0 = Debug|Any CPU
		{2F612D23-057D-4300-B4BB-086DBF06ACF0}.Release|Any CPU.ActiveCfg = Release|Any CPU
		{2F612D23-057D-4300-B4BB-086DBF06ACF0}.Release|Any CPU.Build.0 = Release|Any CPU
	EndGlobalSection
	GlobalSection(SolutionProperties) = preSolution
		HideSolutionNode = FALSE
	EndGlobalSection
	GlobalSection(ExtensibilityGlobals) = postSolution
		SolutionGuid = {F54AAD26-F5A8-4350-8E7B-15CD116EA6C9}
	EndGlobalSection
EndGlobal
